
Microsoft Visual Studio Solution File, Format Version 12.00
# Visual Studio 15
VisualStudioVersion = 15.0.28307.421
MinimumVisualStudioVersion = 10.0.40219.1
Project("{FAE04EC0-301F-11D3-BF4B-00C04F79EFBC}") = "SemaphoreThread", "SemaphoreThread\SemaphoreThread.csproj", "{A8DB0F09-08FD-4EFA-B817-3F3E7875126C}"
EndProject
Global
	GlobalSection(SolutionConfigurationPlatforms) = preSolution
		Debug|Any CPU = Debug|Any CPU
		Release|Any CPU = Release|Any CPU
	EndGlobalSection
	GlobalSection(ProjectConfigurationPlatforms) = postSolution
		{A8DB0F09-08FD-4EFA-B817-3F3E7875126C}.Debug|Any CPU.ActiveCfg = Debug|Any CPU
		{A8DB0F09-08FD-4EFA-B817-3F3E7875126C}.Debug|Any CPU.Build.0 = Debug|Any CPU
		{A8DB0F09-08FD-4EFA-B817-3F3E7875126C}.Release|Any CPU.ActiveCfg = Release|Any CPU
		{A8DB0F09-08FD-4EFA-B817-3F3E7875126C}.Release|Any CPU.Build.0 = Release|Any CPU
	EndGlobalSection
	GlobalSection(SolutionProperties) = preSolution
		HideSolutionNode = FALSE
	EndGlobalSection
	GlobalSection(ExtensibilityGlobals) = postSolution
		SolutionGuid = {22E23430-B58F-4104-9817-89C553FEB150}
	EndGlobalSection
EndGlobal
